{
  "name": "leiawebglsdkdemo",
  "version": "1.0.0",
  "lockfileVersion": 1,
  "requires": true,
  "dependencies": {
    "node-fetch": {
      "version": "2.6.1",
      "resolved": "https://registry.npmjs.org/node-fetch/-/node-fetch-2.6.1.tgz",
      "integrity": "sha512-V4aYg89jEoVRxRb2fJdAg8FHvI7cEyYdVAh94HH0UIK8oJxUfkjlDQN9RbMx+bEjP7+ggMiFRprSti032Oipxw=="
    },
    "twgl.js": {
      "version": "4.19.1",
      "resolved": "https://registry.npmjs.org/twgl.js/-/twgl.js-4.19.1.tgz",
      "integrity": "sha512-zI28+xIQskBXpnoX9rsJ2n6zrx0AN3yFZASyp4u1IBscndUKlzRBwNtnD17BoO+RzQieuJksPzJKy8H6lRa97A=="
    }
  }
}
